
Microsoft Visual Studio Solution File, Format Version 12.00
# Visual Studio Version 17
VisualStudioVersion = 17.9.34902.65
MinimumVisualStudioVersion = 10.0.40219.1
Project("{FAE04EC0-301F-11D3-BF4B-00C04F79EFBC}") = "JokeApp", "JokeApp.csproj", "{43DBE0F5-6EED-4F09-8CBD-E6225DACDE98}"
EndProject
Global
	GlobalSection(SolutionConfigurationPlatforms) = preSolution
		Debug|Any CPU = Debug|Any CPU
		Release|Any CPU = Release|Any CPU
	EndGlobalSection
	GlobalSection(ProjectConfigurationPlatforms) = postSolution
		{43DBE0F5-6EED-4F09-8CBD-E6225DACDE98}.Debug|Any CPU.ActiveCfg = Debug|Any CPU
		{43DBE0F5-6EED-4F09-8CBD-E6225DACDE98}.Debug|Any CPU.Build.0 = Debug|Any CPU
		{43DBE0F5-6EED-4F09-8CBD-E6225DACDE98}.Release|Any CPU.ActiveCfg = Release|Any CPU
		{43DBE0F5-6EED-4F09-8CBD-E6225DACDE98}.Release|Any CPU.Build.0 = Release|Any CPU
	EndGlobalSection
	GlobalSection(SolutionProperties) = preSolution
		HideSolutionNode = FALSE
	EndGlobalSection
	GlobalSection(ExtensibilityGlobals) = postSolution
		SolutionGuid = {5AF9299E-7994-447E-987A-49A7142A9122}
	EndGlobalSection
EndGlobal
